
Microsoft Visual Studio Solution File, Format Version 12.00
# Visual Studio for Mac
Project("{FAE04EC0-301F-11D3-BF4B-00C04F79EFBC}") = "FauxGravityPlanet", "FauxGravityPlanet.csproj", "{CFFD45EE-65FE-AF79-685E-9D413557ECB9}"
EndProject
Global
	GlobalSection(SolutionConfigurationPlatforms) = preSolution
		Debug|Any CPU = Debug|Any CPU
		Release|Any CPU = Release|Any CPU
	EndGlobalSection
	GlobalSection(ProjectConfigurationPlatforms) = postSolution
		{CFFD45EE-65FE-AF79-685E-9D413557ECB9}.Debug|Any CPU.ActiveCfg = Debug|Any CPU
		{CFFD45EE-65FE-AF79-685E-9D413557ECB9}.Debug|Any CPU.Build.0 = Debug|Any CPU
		{CFFD45EE-65FE-AF79-685E-9D413557ECB9}.Release|Any CPU.ActiveCfg = Release|Any CPU
		{CFFD45EE-65FE-AF79-685E-9D413557ECB9}.Release|Any CPU.Build.0 = Release|Any CPU
	EndGlobalSection
	GlobalSection(SolutionProperties) = preSolution
		HideSolutionNode = FALSE
	EndGlobalSection
EndGlobal
